
Microsoft Visual Studio Solution File, Format Version 12.00
# Visual Studio Version 16
VisualStudioVersion = 16.0.30406.217
MinimumVisualStudioVersion = 10.0.40219.1
Project("{FAE04EC0-301F-11D3-BF4B-00C04F79EFBC}") = "QuantityMeasurementProblem", "QuantityMeasurementProblem\QuantityMeasurementProblem.csproj", "{12435010-82F3-4E23-B613-F82631F33D4A}"
EndProject
Project("{FAE04EC0-301F-11D3-BF4B-00C04F79EFBC}") = "QuantityMeasurementTest", "QuantityMeasurementTest\QuantityMeasurementTest.csproj", "{17BC78FF-8E53-49D7-B939-0F3B55159653}"
EndProject
Global
	GlobalSection(SolutionConfigurationPlatforms) = preSolution
		Debug|Any CPU = Debug|Any CPU
		Release|Any CPU = Release|Any CPU
	EndGlobalSection
	GlobalSection(ProjectConfigurationPlatforms) = postSolution
		{12435010-82F3-4E23-B613-F82631F33D4A}.Debug|Any CPU.ActiveCfg = Debug|Any CPU
		{12435010-82F3-4E23-B613-F82631F33D4A}.Debug|Any CPU.Build.0 = Debug|Any CPU
		{12435010-82F3-4E23-B613-F82631F33D4A}.Release|Any CPU.ActiveCfg = Release|Any CPU
		{12435010-82F3-4E23-B613-F82631F33D4A}.Release|Any CPU.Build.0 = Release|Any CPU
		{17BC78FF-8E53-49D7-B939-0F3B55159653}.Debug|Any CPU.ActiveCfg = Debug|Any CPU
		{17BC78FF-8E53-49D7-B939-0F3B55159653}.Debug|Any CPU.Build.0 = Debug|Any CPU
		{17BC78FF-8E53-49D7-B939-0F3B55159653}.Release|Any CPU.ActiveCfg = Release|Any CPU
		{17BC78FF-8E53-49D7-B939-0F3B55159653}.Release|Any CPU.Build.0 = Release|Any CPU
	EndGlobalSection
	GlobalSection(SolutionProperties) = preSolution
		HideSolutionNode = FALSE
	EndGlobalSection
	GlobalSection(ExtensibilityGlobals) = postSolution
		SolutionGuid = {D6992344-AED5-4731-A9BA-A3CE4619B8BB}
	EndGlobalSection
EndGlobal
